
Microsoft Visual Studio Solution File, Format Version 12.00
# Visual Studio Version 17
VisualStudioVersion = 17.5.33516.290
MinimumVisualStudioVersion = 10.0.40219.1
Project("{9A19103F-16F7-4668-BE54-9A1E7A4F7556}") = "TDTCloud", "TDTCloud\TDTCloud.csproj", "{AB4AE328-F3FE-4613-A27B-AF8854A7A6BB}"
EndProject
Project("{2150E333-8FDC-42A3-9474-1A3956D46DE8}") = "1.TableSetting", "1.TableSetting", "{D7B7E574-BBBE-4022-9BAC-04CBD2CCAC3A}"
EndProject
Project("{9A19103F-16F7-4668-BE54-9A1E7A4F7556}") = "TDTSettingTable", "TDTSettingTable\TDTSettingTable.csproj", "{7209E787-6803-4945-9553-67B05C2A726C}"
EndProject
Project("{2150E333-8FDC-42A3-9474-1A3956D46DE8}") = "2.ConfigurationTable", "2.ConfigurationTable", "{52302E40-71A6-4DA5-9F34-B3E7B052C6EE}"
EndProject
Project("{9A19103F-16F7-4668-BE54-9A1E7A4F7556}") = "TDTConfigurationTable", "TDTConfigurationTable\TDTConfigurationTable.csproj", "{4FAB4667-5F9D-43AA-B4D1-F5104457B188}"
EndProject
Project("{2150E333-8FDC-42A3-9474-1A3956D46DE8}") = "3.FactoryContection", "3.FactoryContection", "{C18DB8B5-C8B6-4894-A937-3ED61913CC88}"
EndProject
Project("{9A19103F-16F7-4668-BE54-9A1E7A4F7556}") = "CodeFirtMigration", "CodeFirtMigration\CodeFirtMigration.csproj", "{DB2D1593-A70D-4F49-B441-5C9AB5A59541}"
EndProject
Project("{2150E333-8FDC-42A3-9474-1A3956D46DE8}") = "4.Services", "4.Services", "{6601C0C4-FA42-4532-8356-5B4172991E51}"
EndProject
Project("{2150E333-8FDC-42A3-9474-1A3956D46DE8}") = "5.Common", "5.Common", "{DF4C5680-1401-447E-8C07-EF64ADD36D0F}"
EndProject
Project("{9A19103F-16F7-4668-BE54-9A1E7A4F7556}") = "ConfigurationApplycations", "ConfigurationApplycations\ConfigurationApplycations.csproj", "{CF205542-075B-4CD4-BEFD-AF8F98BA2AAF}"
EndProject
Project("{9A19103F-16F7-4668-BE54-9A1E7A4F7556}") = "ConfigurationInterfaces", "ConfigurationInterfaces\ConfigurationInterfaces.csproj", "{2326F85F-4592-45C8-811A-A7CA4E307289}"
EndProject
Project("{FAE04EC0-301F-11D3-BF4B-00C04F79EFBC}") = "DI", "DI\DI.csproj", "{D2E04E67-7BA0-41B9-93BF-46ED38EAECA4}"
EndProject
Project("{2150E333-8FDC-42A3-9474-1A3956D46DE8}") = "6.Model", "6.Model", "{29509C60-4EB8-474B-ABEC-336F792ED1A7}"
EndProject
Project("{FAE04EC0-301F-11D3-BF4B-00C04F79EFBC}") = "ModelConfiguration", "ModelConfiguration\ModelConfiguration.csproj", "{6CC5262D-8E4E-4731-96A6-01D42D67B4C3}"
EndProject
Global
	GlobalSection(SolutionConfigurationPlatforms) = preSolution
		Debug|Any CPU = Debug|Any CPU
		Release|Any CPU = Release|Any CPU
	EndGlobalSection
	GlobalSection(ProjectConfigurationPlatforms) = postSolution
		{AB4AE328-F3FE-4613-A27B-AF8854A7A6BB}.Debug|Any CPU.ActiveCfg = Debug|Any CPU
		{AB4AE328-F3FE-4613-A27B-AF8854A7A6BB}.Debug|Any CPU.Build.0 = Debug|Any CPU
		{AB4AE328-F3FE-4613-A27B-AF8854A7A6BB}.Release|Any CPU.ActiveCfg = Release|Any CPU
		{AB4AE328-F3FE-4613-A27B-AF8854A7A6BB}.Release|Any CPU.Build.0 = Release|Any CPU
		{7209E787-6803-4945-9553-67B05C2A726C}.Debug|Any CPU.ActiveCfg = Debug|Any CPU
		{7209E787-6803-4945-9553-67B05C2A726C}.Debug|Any CPU.Build.0 = Debug|Any CPU
		{7209E787-6803-4945-9553-67B05C2A726C}.Release|Any CPU.ActiveCfg = Release|Any CPU
		{7209E787-6803-4945-9553-67B05C2A726C}.Release|Any CPU.Build.0 = Release|Any CPU
		{4FAB4667-5F9D-43AA-B4D1-F5104457B188}.Debug|Any CPU.ActiveCfg = Debug|Any CPU
		{4FAB4667-5F9D-43AA-B4D1-F5104457B188}.Debug|Any CPU.Build.0 = Debug|Any CPU
		{4FAB4667-5F9D-43AA-B4D1-F5104457B188}.Release|Any CPU.ActiveCfg = Release|Any CPU
		{4FAB4667-5F9D-43AA-B4D1-F5104457B188}.Release|Any CPU.Build.0 = Release|Any CPU
		{DB2D1593-A70D-4F49-B441-5C9AB5A59541}.Debug|Any CPU.ActiveCfg = Debug|Any CPU
		{DB2D1593-A70D-4F49-B441-5C9AB5A59541}.Debug|Any CPU.Build.0 = Debug|Any CPU
		{DB2D1593-A70D-4F49-B441-5C9AB5A59541}.Release|Any CPU.ActiveCfg = Release|Any CPU
		{DB2D1593-A70D-4F49-B441-5C9AB5A59541}.Release|Any CPU.Build.0 = Release|Any CPU
		{CF205542-075B-4CD4-BEFD-AF8F98BA2AAF}.Debug|Any CPU.ActiveCfg = Debug|Any CPU
		{CF205542-075B-4CD4-BEFD-AF8F98BA2AAF}.Debug|Any CPU.Build.0 = Debug|Any CPU
		{CF205542-075B-4CD4-BEFD-AF8F98BA2AAF}.Release|Any CPU.ActiveCfg = Release|Any CPU
		{CF205542-075B-4CD4-BEFD-AF8F98BA2AAF}.Release|Any CPU.Build.0 = Release|Any CPU
		{2326F85F-4592-45C8-811A-A7CA4E307289}.Debug|Any CPU.ActiveCfg = Debug|Any CPU
		{2326F85F-4592-45C8-811A-A7CA4E307289}.Debug|Any CPU.Build.0 = Debug|Any CPU
		{2326F85F-4592-45C8-811A-A7CA4E307289}.Release|Any CPU.ActiveCfg = Release|Any CPU
		{2326F85F-4592-45C8-811A-A7CA4E307289}.Release|Any CPU.Build.0 = Release|Any CPU
		{D2E04E67-7BA0-41B9-93BF-46ED38EAECA4}.Debug|Any CPU.ActiveCfg = Debug|Any CPU
		{D2E04E67-7BA0-41B9-93BF-46ED38EAECA4}.Debug|Any CPU.Build.0 = Debug|Any CPU
		{D2E04E67-7BA0-41B9-93BF-46ED38EAECA4}.Release|Any CPU.ActiveCfg = Release|Any CPU
		{D2E04E67-7BA0-41B9-93BF-46ED38EAECA4}.Release|Any CPU.Build.0 = Release|Any CPU
		{6CC5262D-8E4E-4731-96A6-01D42D67B4C3}.Debug|Any CPU.ActiveCfg = Debug|Any CPU
		{6CC5262D-8E4E-4731-96A6-01D42D67B4C3}.Debug|Any CPU.Build.0 = Debug|Any CPU
		{6CC5262D-8E4E-4731-96A6-01D42D67B4C3}.Release|Any CPU.ActiveCfg = Release|Any CPU
		{6CC5262D-8E4E-4731-96A6-01D42D67B4C3}.Release|Any CPU.Build.0 = Release|Any CPU
	EndGlobalSection
	GlobalSection(SolutionProperties) = preSolution
		HideSolutionNode = FALSE
	EndGlobalSection
	GlobalSection(NestedProjects) = preSolution
		{7209E787-6803-4945-9553-67B05C2A726C} = {D7B7E574-BBBE-4022-9BAC-04CBD2CCAC3A}
		{4FAB4667-5F9D-43AA-B4D1-F5104457B188} = {52302E40-71A6-4DA5-9F34-B3E7B052C6EE}
		{DB2D1593-A70D-4F49-B441-5C9AB5A59541} = {C18DB8B5-C8B6-4894-A937-3ED61913CC88}
		{CF205542-075B-4CD4-BEFD-AF8F98BA2AAF} = {6601C0C4-FA42-4532-8356-5B4172991E51}
		{2326F85F-4592-45C8-811A-A7CA4E307289} = {6601C0C4-FA42-4532-8356-5B4172991E51}
		{D2E04E67-7BA0-41B9-93BF-46ED38EAECA4} = {6601C0C4-FA42-4532-8356-5B4172991E51}
		{6CC5262D-8E4E-4731-96A6-01D42D67B4C3} = {29509C60-4EB8-474B-ABEC-336F792ED1A7}
	EndGlobalSection
	GlobalSection(ExtensibilityGlobals) = postSolution
		SolutionGuid = {39DBFFF2-3684-4950-A500-BE6E7E69994A}
	EndGlobalSection
EndGlobal
